# This file is @generated by PDM.
# It is not intended for manual editing.

[metadata]
groups = ["default"]
strategy = ["inherit_metadata"]
lock_version = "4.5.0"
content_hash = "sha256:38bd8747ccfa86249a4440611735c7ac6fbd851079aed2fac001a77f3672e480"

[[metadata.targets]]
requires_python = "==3.10.*"

[[package]]
name = "aiofiles"
version = "24.1.0"
requires_python = ">=3.8"
summary = "File support for asyncio."
groups = ["default"]
files = [
    {file = "aiofiles-24.1.0-py3-none-any.whl", hash = "sha256:b4ec55f4195e3eb5d7abd1bf7e061763e864dd4954231fb8539a0ef8bb8260e5"},
    {file = "aiofiles-24.1.0.tar.gz", hash = "sha256:22a075c9e5a3810f0c2e48f3008c94d68c65d763b9b03857924c99e57355166c"},
]

[[package]]
name = "aiogram"
version = "3.20.0.post0"
requires_python = ">=3.9"
summary = "Modern and fully asynchronous framework for Telegram Bot API"
groups = ["default"]
dependencies = [
    "aiofiles<24.2,>=23.2.1",
    "aiohttp<3.12,>=3.9.0",
    "certifi>=2023.7.22",
    "magic-filter<1.1,>=1.0.12",
    "pydantic<2.12,>=2.4.1",
    "typing-extensions<=5.0,>=4.7.0",
]
files = [
    {file = "aiogram-3.20.0.post0-py3-none-any.whl", hash = "sha256:c8f5a68b0729e74efa15a7fc285bd49fa3d0603de5e424404219a822f8e5f4d1"},
    {file = "aiogram-3.20.0.post0.tar.gz", hash = "sha256:2443799b4514ac251fcf2d561603e250f8763808542222fa1136901058eda9a3"},
]

[[package]]
name = "aiohappyeyeballs"
version = "2.6.1"
requires_python = ">=3.9"
summary = "Happy Eyeballs for asyncio"
groups = ["default"]
files = [
    {file = "aiohappyeyeballs-2.6.1-py3-none-any.whl", hash = "sha256:f349ba8f4b75cb25c99c5c2d84e997e485204d2902a9597802b0371f09331fb8"},
    {file = "aiohappyeyeballs-2.6.1.tar.gz", hash = "sha256:c3f9d0113123803ccadfdf3f0faa505bc78e6a72d1cc4806cbd719826e943558"},
]

[[package]]
name = "aiohttp"
version = "3.11.18"
requires_python = ">=3.9"
summary = "Async http client/server framework (asyncio)"
groups = ["default"]
dependencies = [
    "aiohappyeyeballs>=2.3.0",
    "aiosignal>=1.1.2",
    "async-timeout<6.0,>=4.0; python_version < \"3.11\"",
    "attrs>=17.3.0",
    "frozenlist>=1.1.1",
    "multidict<7.0,>=4.5",
    "propcache>=0.2.0",
    "yarl<2.0,>=1.17.0",
]
files = [
    {file = "aiohttp-3.11.18-cp310-cp310-macosx_10_9_universal2.whl", hash = "sha256:96264854fedbea933a9ca4b7e0c745728f01380691687b7365d18d9e977179c4"},
    {file = "aiohttp-3.11.18-cp310-cp310-macosx_10_9_x86_64.whl", hash = "sha256:9602044ff047043430452bc3a2089743fa85da829e6fc9ee0025351d66c332b6"},
    {file = "aiohttp-3.11.18-cp310-cp310-macosx_11_0_arm64.whl", hash = "sha256:5691dc38750fcb96a33ceef89642f139aa315c8a193bbd42a0c33476fd4a1609"},
    {file = "aiohttp-3.11.18-cp310-cp310-manylinux_2_17_aarch64.manylinux2014_aarch64.whl", hash = "sha256:554c918ec43f8480b47a5ca758e10e793bd7410b83701676a4782672d670da55"},
    {file = "aiohttp-3.11.18-cp310-cp310-manylinux_2_17_ppc64le.manylinux2014_ppc64le.whl", hash = "sha256:8a4076a2b3ba5b004b8cffca6afe18a3b2c5c9ef679b4d1e9859cf76295f8d4f"},
    {file = "aiohttp-3.11.18-cp310-cp310-manylinux_2_17_s390x.manylinux2014_s390x.whl", hash = "sha256:767a97e6900edd11c762be96d82d13a1d7c4fc4b329f054e88b57cdc21fded94"},
    {file = "aiohttp-3.11.18-cp310-cp310-manylinux_2_17_x86_64.manylinux2014_x86_64.whl", hash = "sha256:f0ddc9337a0fb0e727785ad4f41163cc314376e82b31846d3835673786420ef1"},
    {file = "aiohttp-3.11.18-cp310-cp310-manylinux_2_5_i686.manylinux1_i686.manylinux_2_17_i686.manylinux2014_i686.whl", hash = "sha256:f414f37b244f2a97e79b98d48c5ff0789a0b4b4609b17d64fa81771ad780e415"},
    {file = "aiohttp-3.11.18-cp310-cp310-musllinux_1_2_aarch64.whl", hash = "sha256:fdb239f47328581e2ec7744ab5911f97afb10752332a6dd3d98e14e429e1a9e7"},
    {file = "aiohttp-3.11.18-cp310-cp310-musllinux_1_2_armv7l.whl", hash = "sha256:f2c50bad73ed629cc326cc0f75aed8ecfb013f88c5af116f33df556ed47143eb"},
    {file = "aiohttp-3.11.18-cp310-cp310-musllinux_1_2_i686.whl", hash = "sha256:0a8d8f20c39d3fa84d1c28cdb97f3111387e48209e224408e75f29c6f8e0861d"},
    {file = "aiohttp-3.11.18-cp310-cp310-musllinux_1_2_ppc64le.whl", hash = "sha256:106032eaf9e62fd6bc6578c8b9e6dc4f5ed9a5c1c7fb2231010a1b4304393421"},
    {file = "aiohttp-3.11.18-cp310-cp310-musllinux_1_2_s390x.whl", hash = "sha256:b491e42183e8fcc9901d8dcd8ae644ff785590f1727f76ca86e731c61bfe6643"},
    {file = "aiohttp-3.11.18-cp310-cp310-musllinux_1_2_x86_64.whl", hash = "sha256:ad8c745ff9460a16b710e58e06a9dec11ebc0d8f4dd82091cefb579844d69868"},
    {file = "aiohttp-3.11.18-cp310-cp310-win32.whl", hash = "sha256:8e57da93e24303a883146510a434f0faf2f1e7e659f3041abc4e3fb3f6702a9f"},
    {file = "aiohttp-3.11.18-cp310-cp310-win_amd64.whl", hash = "sha256:cc93a4121d87d9f12739fc8fab0a95f78444e571ed63e40bfc78cd5abe700ac9"},
    {file = "aiohttp-3.11.18.tar.gz", hash = "sha256:ae856e1138612b7e412db63b7708735cff4d38d0399f6a5435d3dac2669f558a"},
]

[[package]]
name = "aiosignal"
version = "1.3.2"
requires_python = ">=3.9"
summary = "aiosignal: a list of registered asynchronous callbacks"
groups = ["default"]
dependencies = [
    "frozenlist>=1.1.0",
]
files = [
    {file = "aiosignal-1.3.2-py2.py3-none-any.whl", hash = "sha256:45cde58e409a301715980c2b01d0c28bdde3770d8290b5eb2173759d9acb31a5"},
    {file = "aiosignal-1.3.2.tar.gz", hash = "sha256:a8c255c66fafb1e499c9351d0bf32ff2d8a0321595ebac3b93713656d2436f54"},
]

[[package]]
name = "annotated-types"
version = "0.7.0"
requires_python = ">=3.8"
summary = "Reusable constraint types to use with typing.Annotated"
groups = ["default"]
dependencies = [
    "typing-extensions>=4.0.0; python_version < \"3.9\"",
]
files = [
    {file = "annotated_types-0.7.0-py3-none-any.whl", hash = "sha256:1f02e8b43a8fbbc3f3e0d4f0f4bfc8131bcb4eebe8849b8e5c773f3a1c582a53"},
    {file = "annotated_types-0.7.0.tar.gz", hash = "sha256:aff07c09a53a08bc8cfccb9c85b05f1aa9a2a6f23728d790723543408344ce89"},
]

[[package]]
name = "async-timeout"
version = "5.0.1"
requires_python = ">=3.8"
summary = "Timeout context manager for asyncio programs"
groups = ["default"]
marker = "python_version < \"3.11.0\""
files = [
    {file = "async_timeout-5.0.1-py3-none-any.whl", hash = "sha256:39e3809566ff85354557ec2398b55e096c8364bacac9405a7a1fa429e77fe76c"},
    {file = "async_timeout-5.0.1.tar.gz", hash = "sha256:d9321a7a3d5a6a5e187e824d2fa0793ce379a202935782d555d6e9d2735677d3"},
]

[[package]]
name = "asyncpg"
version = "0.30.0"
requires_python = ">=3.8.0"
summary = "An asyncio PostgreSQL driver"
groups = ["default"]
dependencies = [
    "async-timeout>=4.0.3; python_version < \"3.11.0\"",
]
files = [
    {file = "asyncpg-0.30.0-cp310-cp310-macosx_10_9_x86_64.whl", hash = "sha256:bfb4dd5ae0699bad2b233672c8fc5ccbd9ad24b89afded02341786887e37927e"},
    {file = "asyncpg-0.30.0-cp310-cp310-macosx_11_0_arm64.whl", hash = "sha256:dc1f62c792752a49f88b7e6f774c26077091b44caceb1983509edc18a2222ec0"},
    {file = "asyncpg-0.30.0-cp310-cp310-manylinux_2_17_aarch64.manylinux2014_aarch64.whl", hash = "sha256:3152fef2e265c9c24eec4ee3d22b4f4d2703d30614b0b6753e9ed4115c8a146f"},
    {file = "asyncpg-0.30.0-cp310-cp310-manylinux_2_17_x86_64.manylinux2014_x86_64.whl", hash = "sha256:c7255812ac85099a0e1ffb81b10dc477b9973345793776b128a23e60148dd1af"},
    {file = "asyncpg-0.30.0-cp310-cp310-musllinux_1_2_aarch64.whl", hash = "sha256:578445f09f45d1ad7abddbff2a3c7f7c291738fdae0abffbeb737d3fc3ab8b75"},
    {file = "asyncpg-0.30.0-cp310-cp310-musllinux_1_2_x86_64.whl", hash = "sha256:c42f6bb65a277ce4d93f3fba46b91a265631c8df7250592dd4f11f8b0152150f"},
    {file = "asyncpg-0.30.0-cp310-cp310-win32.whl", hash = "sha256:aa403147d3e07a267ada2ae34dfc9324e67ccc4cdca35261c8c22792ba2b10cf"},
    {file = "asyncpg-0.30.0-cp310-cp310-win_amd64.whl", hash = "sha256:fb622c94db4e13137c4c7f98834185049cc50ee01d8f657ef898b6407c7b9c50"},
    {file = "asyncpg-0.30.0.tar.gz", hash = "sha256:c551e9928ab6707602f44811817f82ba3c446e018bfe1d3abecc8ba5f3eac851"},
]

[[package]]
name = "attrs"
version = "25.3.0"
requires_python = ">=3.8"
summary = "Classes Without Boilerplate"
groups = ["default"]
files = [
    {file = "attrs-25.3.0-py3-none-any.whl", hash = "sha256:427318ce031701fea540783410126f03899a97ffc6f61596ad581ac2e40e3bc3"},
    {file = "attrs-25.3.0.tar.gz", hash = "sha256:75d7cefc7fb576747b2c81b4442d4d4a1ce0900973527c011d1030fd3bf4af1b"},
]

[[package]]
name = "certifi"
version = "2025.4.26"
requires_python = ">=3.6"
summary = "Python package for providing Mozilla's CA Bundle."
groups = ["default"]
files = [
    {file = "certifi-2025.4.26-py3-none-any.whl", hash = "sha256:30350364dfe371162649852c63336a15c70c6510c2ad5015b21c2345311805f3"},
    {file = "certifi-2025.4.26.tar.gz", hash = "sha256:0a816057ea3cdefcef70270d2c515e4506bbc954f417fa5ade2021213bb8f0c6"},
]

[[package]]
name = "frozenlist"
version = "1.6.0"
requires_python = ">=3.9"
summary = "A list-like structure which implements collections.abc.MutableSequence"
groups = ["default"]
files = [
    {file = "frozenlist-1.6.0-cp310-cp310-macosx_10_9_universal2.whl", hash = "sha256:e6e558ea1e47fd6fa8ac9ccdad403e5dd5ecc6ed8dda94343056fa4277d5c65e"},
    {file = "frozenlist-1.6.0-cp310-cp310-macosx_10_9_x86_64.whl", hash = "sha256:f4b3cd7334a4bbc0c472164f3744562cb72d05002cc6fcf58adb104630bbc352"},
    {file = "frozenlist-1.6.0-cp310-cp310-macosx_11_0_arm64.whl", hash = "sha256:9799257237d0479736e2b4c01ff26b5c7f7694ac9692a426cb717f3dc02fff9b"},
    {file = "frozenlist-1.6.0-cp310-cp310-manylinux_2_17_aarch64.manylinux2014_aarch64.whl", hash = "sha256:f3a7bb0fe1f7a70fb5c6f497dc32619db7d2cdd53164af30ade2f34673f8b1fc"},
    {file = "frozenlist-1.6.0-cp310-cp310-manylinux_2_17_armv7l.manylinux2014_armv7l.manylinux_2_31_armv7l.whl", hash = "sha256:36d2fc099229f1e4237f563b2a3e0ff7ccebc3999f729067ce4e64a97a7f2869"},
    {file = "frozenlist-1.6.0-cp310-cp310-manylinux_2_17_ppc64le.manylinux2014_ppc64le.whl", hash = "sha256:f27a9f9a86dcf00708be82359db8de86b80d029814e6693259befe82bb58a106"},
    {file = "frozenlist-1.6.0-cp310-cp310-manylinux_2_17_s390x.manylinux2014_s390x.whl", hash = "sha256:75ecee69073312951244f11b8627e3700ec2bfe07ed24e3a685a5979f0412d24"},
    {file = "frozenlist-1.6.0-cp310-cp310-manylinux_2_5_i686.manylinux1_i686.manylinux_2_17_i686.manylinux2014_i686.whl", hash = "sha256:f2c7d5aa19714b1b01a0f515d078a629e445e667b9da869a3cd0e6fe7dec78bd"},
    {file = "frozenlist-1.6.0-cp310-cp310-manylinux_2_5_x86_64.manylinux1_x86_64.manylinux_2_17_x86_64.manylinux2014_x86_64.whl", hash = "sha256:69bbd454f0fb23b51cadc9bdba616c9678e4114b6f9fa372d462ff2ed9323ec8"},
    {file = "frozenlist-1.6.0-cp310-cp310-musllinux_1_2_aarch64.whl", hash = "sha256:7daa508e75613809c7a57136dec4871a21bca3080b3a8fc347c50b187df4f00c"},
    {file = "frozenlist-1.6.0-cp310-cp310-musllinux_1_2_armv7l.whl", hash = "sha256:89ffdb799154fd4d7b85c56d5fa9d9ad48946619e0eb95755723fffa11022d75"},
    {file = "frozenlist-1.6.0-cp310-cp310-musllinux_1_2_i686.whl", hash = "sha256:920b6bd77d209931e4c263223381d63f76828bec574440f29eb497cf3394c249"},
    {file = "frozenlist-1.6.0-cp310-cp310-musllinux_1_2_ppc64le.whl", hash = "sha256:d3ceb265249fb401702fce3792e6b44c1166b9319737d21495d3611028d95769"},
    {file = "frozenlist-1.6.0-cp310-cp310-musllinux_1_2_s390x.whl", hash = "sha256:52021b528f1571f98a7d4258c58aa8d4b1a96d4f01d00d51f1089f2e0323cb02"},
    {file = "frozenlist-1.6.0-cp310-cp310-musllinux_1_2_x86_64.whl", hash = "sha256:0f2ca7810b809ed0f1917293050163c7654cefc57a49f337d5cd9de717b8fad3"},
    {file = "frozenlist-1.6.0-cp310-cp310-win32.whl", hash = "sha256:0e6f8653acb82e15e5443dba415fb62a8732b68fe09936bb6d388c725b57f812"},
    {file = "frozenlist-1.6.0-cp310-cp310-win_amd64.whl", hash = "sha256:f1a39819a5a3e84304cd286e3dc62a549fe60985415851b3337b6f5cc91907f1"},
    {file = "frozenlist-1.6.0-py3-none-any.whl", hash = "sha256:535eec9987adb04701266b92745d6cdcef2e77669299359c3009c3404dd5d191"},
    {file = "frozenlist-1.6.0.tar.gz", hash = "sha256:b99655c32c1c8e06d111e7f41c06c29a5318cb1835df23a45518e02a47c63b68"},
]

[[package]]
name = "idna"
version = "3.10"
requires_python = ">=3.6"
summary = "Internationalized Domain Names in Applications (IDNA)"
groups = ["default"]
files = [
    {file = "idna-3.10-py3-none-any.whl", hash = "sha256:946d195a0d259cbba61165e88e65941f16e9b36ea6ddb97f00452bae8b1287d3"},
    {file = "idna-3.10.tar.gz", hash = "sha256:12f65c9b470abda6dc35cf8e63cc574b1c52b11df2c86030af0ac09b01b13ea9"},
]

[[package]]
name = "magic-filter"
version = "1.0.12"
requires_python = ">=3.7"
summary = ""
groups = ["default"]
files = [
    {file = "magic_filter-1.0.12-py3-none-any.whl", hash = "sha256:e5929e544f310c2b1f154318db8c5cdf544dd658efa998172acd2e4ba0f6c6a6"},
    {file = "magic_filter-1.0.12.tar.gz", hash = "sha256:4751d0b579a5045d1dc250625c4c508c18c3def5ea6afaf3957cb4530d03f7f9"},
]

[[package]]
name = "multidict"
version = "6.4.3"
requires_python = ">=3.9"
summary = "multidict implementation"
groups = ["default"]
dependencies = [
    "typing-extensions>=4.1.0; python_version < \"3.11\"",
]
files = [
    {file = "multidict-6.4.3-cp310-cp310-macosx_10_9_universal2.whl", hash = "sha256:32a998bd8a64ca48616eac5a8c1cc4fa38fb244a3facf2eeb14abe186e0f6cc5"},
    {file = "multidict-6.4.3-cp310-cp310-macosx_10_9_x86_64.whl", hash = "sha256:a54ec568f1fc7f3c313c2f3b16e5db346bf3660e1309746e7fccbbfded856188"},
    {file = "multidict-6.4.3-cp310-cp310-macosx_11_0_arm64.whl", hash = "sha256:a7be07e5df178430621c716a63151165684d3e9958f2bbfcb644246162007ab7"},
    {file = "multidict-6.4.3-cp310-cp310-manylinux_2_17_aarch64.manylinux2014_aarch64.whl", hash = "sha256:b128dbf1c939674a50dd0b28f12c244d90e5015e751a4f339a96c54f7275e291"},
    {file = "multidict-6.4.3-cp310-cp310-manylinux_2_17_armv7l.manylinux2014_armv7l.manylinux_2_31_armv7l.whl", hash = "sha256:b9cb19dfd83d35b6ff24a4022376ea6e45a2beba8ef3f0836b8a4b288b6ad685"},
    {file = "multidict-6.4.3-cp310-cp310-manylinux_2_17_ppc64le.manylinux2014_ppc64le.whl", hash = "sha256:3cf62f8e447ea2c1395afa289b332e49e13d07435369b6f4e41f887db65b40bf"},
    {file = "multidict-6.4.3-cp310-cp310-manylinux_2_17_s390x.manylinux2014_s390x.whl", hash = "sha256:909f7d43ff8f13d1adccb6a397094adc369d4da794407f8dd592c51cf0eae4b1"},
    {file = "multidict-6.4.3-cp310-cp310-manylinux_2_17_x86_64.manylinux2014_x86_64.whl", hash = "sha256:0bb8f8302fbc7122033df959e25777b0b7659b1fd6bcb9cb6bed76b5de67afef"},
    {file = "multidict-6.4.3-cp310-cp310-manylinux_2_5_i686.manylinux1_i686.manylinux_2_17_i686.manylinux2014_i686.whl", hash = "sha256:224b79471b4f21169ea25ebc37ed6f058040c578e50ade532e2066562597b8a9"},
    {file = "multidict-6.4.3-cp310-cp310-musllinux_1_2_aarch64.whl", hash = "sha256:a7bd27f7ab3204f16967a6f899b3e8e9eb3362c0ab91f2ee659e0345445e0078"},
    {file = "multidict-6.4.3-cp310-cp310-musllinux_1_2_armv7l.whl", hash = "sha256:99592bd3162e9c664671fd14e578a33bfdba487ea64bcb41d281286d3c870ad7"},
    {file = "multidict-6.4.3-cp310-cp310-musllinux_1_2_i686.whl", hash = "sha256:a62d78a1c9072949018cdb05d3c533924ef8ac9bcb06cbf96f6d14772c5cd451"},
    {file = "multidict-6.4.3-cp310-cp310-musllinux_1_2_ppc64le.whl", hash = "sha256:3ccdde001578347e877ca4f629450973c510e88e8865d5aefbcb89b852ccc666"},
    {file = "multidict-6.4.3-cp310-cp310-musllinux_1_2_s390x.whl", hash = "sha256:eccb67b0e78aa2e38a04c5ecc13bab325a43e5159a181a9d1a6723db913cbb3c"},
    {file = "multidict-6.4.3-cp310-cp310-musllinux_1_2_x86_64.whl", hash = "sha256:8b6fcf6054fc4114a27aa865f8840ef3d675f9316e81868e0ad5866184a6cba5"},
    {file = "multidict-6.4.3-cp310-cp310-win32.whl", hash = "sha256:f92c7f62d59373cd93bc9969d2da9b4b21f78283b1379ba012f7ee8127b3152e"},
    {file = "multidict-6.4.3-cp310-cp310-win_amd64.whl", hash = "sha256:b57e28dbc031d13916b946719f213c494a517b442d7b48b29443e79610acd887"},
    {file = "multidict-6.4.3-py3-none-any.whl", hash = "sha256:59fe01ee8e2a1e8ceb3f6dbb216b09c8d9f4ef1c22c4fc825d045a147fa2ebc9"},
    {file = "multidict-6.4.3.tar.gz", hash = "sha256:3ada0b058c9f213c5f95ba301f922d402ac234f1111a7d8fd70f1b99f3c281ec"},
]

[[package]]
name = "propcache"
version = "0.3.1"
requires_python = ">=3.9"
summary = "Accelerated property cache"
groups = ["default"]
files = [
    {file = "propcache-0.3.1-cp310-cp310-macosx_10_9_universal2.whl", hash = "sha256:f27785888d2fdd918bc36de8b8739f2d6c791399552333721b58193f68ea3e98"},
    {file = "propcache-0.3.1-cp310-cp310-macosx_10_9_x86_64.whl", hash = "sha256:d4e89cde74154c7b5957f87a355bb9c8ec929c167b59c83d90654ea36aeb6180"},
    {file = "propcache-0.3.1-cp310-cp310-macosx_11_0_arm64.whl", hash = "sha256:730178f476ef03d3d4d255f0c9fa186cb1d13fd33ffe89d39f2cda4da90ceb71"},
    {file = "propcache-0.3.1-cp310-cp310-manylinux_2_17_aarch64.manylinux2014_aarch64.whl", hash = "sha256:967a8eec513dbe08330f10137eacb427b2ca52118769e82ebcfcab0fba92a649"},
    {file = "propcache-0.3.1-cp310-cp310-manylinux_2_17_ppc64le.manylinux2014_ppc64le.whl", hash = "sha256:5b9145c35cc87313b5fd480144f8078716007656093d23059e8993d3a8fa730f"},
    {file = "propcache-0.3.1-cp310-cp310-manylinux_2_17_s390x.manylinux2014_s390x.whl", hash = "sha256:9e64e948ab41411958670f1093c0a57acfdc3bee5cf5b935671bbd5313bcf229"},
    {file = "propcache-0.3.1-cp310-cp310-manylinux_2_17_x86_64.manylinux2014_x86_64.whl", hash = "sha256:319fa8765bfd6a265e5fa661547556da381e53274bc05094fc9ea50da51bfd46"},
    {file = "propcache-0.3.1-cp310-cp310-manylinux_2_5_i686.manylinux1_i686.manylinux_2_17_i686.manylinux2014_i686.whl", hash = "sha256:c66d8ccbc902ad548312b96ed8d5d266d0d2c6d006fd0f66323e9d8f2dd49be7"},
    {file = "propcache-0.3.1-cp310-cp310-musllinux_1_2_aarch64.whl", hash = "sha256:2d219b0dbabe75e15e581fc1ae796109b07c8ba7d25b9ae8d650da582bed01b0"},
    {file = "propcache-0.3.1-cp310-cp310-musllinux_1_2_armv7l.whl", hash = "sha256:cd6a55f65241c551eb53f8cf4d2f4af33512c39da5d9777694e9d9c60872f519"},
    {file = "propcache-0.3.1-cp310-cp310-musllinux_1_2_i686.whl", hash = "sha256:9979643ffc69b799d50d3a7b72b5164a2e97e117009d7af6dfdd2ab906cb72cd"},
    {file = "propcache-0.3.1-cp310-cp310-musllinux_1_2_ppc64le.whl", hash = "sha256:4cf9e93a81979f1424f1a3d155213dc928f1069d697e4353edb8a5eba67c6259"},
    {file = "propcache-0.3.1-cp310-cp310-musllinux_1_2_s390x.whl", hash = "sha256:2fce1df66915909ff6c824bbb5eb403d2d15f98f1518e583074671a30fe0c21e"},
    {file = "propcache-0.3.1-cp310-cp310-musllinux_1_2_x86_64.whl", hash = "sha256:4d0dfdd9a2ebc77b869a0b04423591ea8823f791293b527dc1bb896c1d6f1136"},
    {file = "propcache-0.3.1-cp310-cp310-win32.whl", hash = "sha256:1f6cc0ad7b4560e5637eb2c994e97b4fa41ba8226069c9277eb5ea7101845b42"},
    {file = "propcache-0.3.1-cp310-cp310-win_amd64.whl", hash = "sha256:47ef24aa6511e388e9894ec16f0fbf3313a53ee68402bc428744a367ec55b833"},
    {file = "propcache-0.3.1-py3-none-any.whl", hash = "sha256:9a8ecf38de50a7f518c21568c80f985e776397b902f1ce0b01f799aba1608b40"},
    {file = "propcache-0.3.1.tar.gz", hash = "sha256:40d980c33765359098837527e18eddefc9a24cea5b45e078a7f3bb5b032c6ecf"},
]

[[package]]
name = "pydantic"
version = "2.11.4"
requires_python = ">=3.9"
summary = "Data validation using Python type hints"
groups = ["default"]
dependencies = [
    "annotated-types>=0.6.0",
    "pydantic-core==2.33.2",
    "typing-extensions>=4.12.2",
    "typing-inspection>=0.4.0",
]
files = [
    {file = "pydantic-2.11.4-py3-none-any.whl", hash = "sha256:d9615eaa9ac5a063471da949c8fc16376a84afb5024688b3ff885693506764eb"},
    {file = "pydantic-2.11.4.tar.gz", hash = "sha256:32738d19d63a226a52eed76645a98ee07c1f410ee41d93b4afbfa85ed8111c2d"},
]

[[package]]
name = "pydantic-core"
version = "2.33.2"
requires_python = ">=3.9"
summary = "Core functionality for Pydantic validation and serialization"
groups = ["default"]
dependencies = [
    "typing-extensions!=4.7.0,>=4.6.0",
]
files = [
    {file = "pydantic_core-2.33.2-cp310-cp310-macosx_10_12_x86_64.whl", hash = "sha256:2b3d326aaef0c0399d9afffeb6367d5e26ddc24d351dbc9c636840ac355dc5d8"},
    {file = "pydantic_core-2.33.2-cp310-cp310-macosx_11_0_arm64.whl", hash = "sha256:0e5b2671f05ba48b94cb90ce55d8bdcaaedb8ba00cc5359f6810fc918713983d"},
    {file = "pydantic_core-2.33.2-cp310-cp310-manylinux_2_17_aarch64.manylinux2014_aarch64.whl", hash = "sha256:0069c9acc3f3981b9ff4cdfaf088e98d83440a4c7ea1bc07460af3d4dc22e72d"},
    {file = "pydantic_core-2.33.2-cp310-cp310-manylinux_2_17_armv7l.manylinux2014_armv7l.whl", hash = "sha256:d53b22f2032c42eaaf025f7c40c2e3b94568ae077a606f006d206a463bc69572"},
    {file = "pydantic_core-2.33.2-cp310-cp310-manylinux_2_17_ppc64le.manylinux2014_ppc64le.whl", hash = "sha256:0405262705a123b7ce9f0b92f123334d67b70fd1f20a9372b907ce1080c7ba02"},
    {file = "pydantic_core-2.33.2-cp310-cp310-manylinux_2_17_s390x.manylinux2014_s390x.whl", hash = "sha256:4b25d91e288e2c4e0662b8038a28c6a07eaac3e196cfc4ff69de4ea3db992a1b"},
    {file = "pydantic_core-2.33.2-cp310-cp310-manylinux_2_17_x86_64.manylinux2014_x86_64.whl", hash = "sha256:6bdfe4b3789761f3bcb4b1ddf33355a71079858958e3a552f16d5af19768fef2"},
    {file = "pydantic_core-2.33.2-cp310-cp310-manylinux_2_5_i686.manylinux1_i686.whl", hash = "sha256:efec8db3266b76ef9607c2c4c419bdb06bf335ae433b80816089ea7585816f6a"},
    {file = "pydantic_core-2.33.2-cp310-cp310-musllinux_1_1_aarch64.whl", hash = "sha256:031c57d67ca86902726e0fae2214ce6770bbe2f710dc33063187a68744a5ecac"},
    {file = "pydantic_core-2.33.2-cp310-cp310-musllinux_1_1_armv7l.whl", hash = "sha256:f8de619080e944347f5f20de29a975c2d815d9ddd8be9b9b7268e2e3ef68605a"},
    {file = "pydantic_core-2.33.2-cp310-cp310-musllinux_1_1_x86_64.whl", hash = "sha256:73662edf539e72a9440129f231ed3757faab89630d291b784ca99237fb94db2b"},
    {file = "pydantic_core-2.33.2-cp310-cp310-win32.whl", hash = "sha256:0a39979dcbb70998b0e505fb1556a1d550a0781463ce84ebf915ba293ccb7e22"},
    {file = "pydantic_core-2.33.2-cp310-cp310-win_amd64.whl", hash = "sha256:b0379a2b24882fef529ec3b4987cb5d003b9cda32256024e6fe1586ac45fc640"},
    {file = "pydantic_core-2.33.2-pp310-pypy310_pp73-macosx_10_12_x86_64.whl", hash = "sha256:5c4aa4e82353f65e548c476b37e64189783aa5384903bfea4f41580f255fddfa"},
    {file = "pydantic_core-2.33.2-pp310-pypy310_pp73-macosx_11_0_arm64.whl", hash = "sha256:d946c8bf0d5c24bf4fe333af284c59a19358aa3ec18cb3dc4370080da1e8ad29"},
    {file = "pydantic_core-2.33.2-pp310-pypy310_pp73-manylinux_2_17_aarch64.manylinux2014_aarch64.whl", hash = "sha256:87b31b6846e361ef83fedb187bb5b4372d0da3f7e28d85415efa92d6125d6e6d"},
    {file = "pydantic_core-2.33.2-pp310-pypy310_pp73-manylinux_2_17_x86_64.manylinux2014_x86_64.whl", hash = "sha256:aa9d91b338f2df0508606f7009fde642391425189bba6d8c653afd80fd6bb64e"},
    {file = "pydantic_core-2.33.2-pp310-pypy310_pp73-manylinux_2_5_i686.manylinux1_i686.whl", hash = "sha256:2058a32994f1fde4ca0480ab9d1e75a0e8c87c22b53a3ae66554f9af78f2fe8c"},
    {file = "pydantic_core-2.33.2-pp310-pypy310_pp73-musllinux_1_1_aarch64.whl", hash = "sha256:0e03262ab796d986f978f79c943fc5f620381be7287148b8010b4097f79a39ec"},
    {file = "pydantic_core-2.33.2-pp310-pypy310_pp73-musllinux_1_1_armv7l.whl", hash = "sha256:1a8695a8d00c73e50bff9dfda4d540b7dee29ff9b8053e38380426a85ef10052"},
    {file = "pydantic_core-2.33.2-pp310-pypy310_pp73-musllinux_1_1_x86_64.whl", hash = "sha256:fa754d1850735a0b0e03bcffd9d4b4343eb417e47196e4485d9cca326073a42c"},
    {file = "pydantic_core-2.33.2-pp310-pypy310_pp73-win_amd64.whl", hash = "sha256:a11c8d26a50bfab49002947d3d237abe4d9e4b5bdc8846a63537b6488e197808"},
    {file = "pydantic_core-2.33.2.tar.gz", hash = "sha256:7cb8bc3605c29176e1b105350d2e6474142d7c1bd1d9327c4a9bdb46bf827acc"},
]

[[package]]
name = "pydantic-settings"
version = "2.9.1"
requires_python = ">=3.9"
summary = "Settings management using Pydantic"
groups = ["default"]
dependencies = [
    "pydantic>=2.7.0",
    "python-dotenv>=0.21.0",
    "typing-inspection>=0.4.0",
]
files = [
    {file = "pydantic_settings-2.9.1-py3-none-any.whl", hash = "sha256:59b4f431b1defb26fe620c71a7d3968a710d719f5f4cdbbdb7926edeb770f6ef"},
    {file = "pydantic_settings-2.9.1.tar.gz", hash = "sha256:c509bf79d27563add44e8446233359004ed85066cd096d8b510f715e6ef5d268"},
]

[[package]]
name = "python-dotenv"
version = "1.1.0"
requires_python = ">=3.9"
summary = "Read key-value pairs from a .env file and set them as environment variables"
groups = ["default"]
files = [
    {file = "python_dotenv-1.1.0-py3-none-any.whl", hash = "sha256:d7c01d9e2293916c18baf562d95698754b0dbbb5e74d457c45d4f6561fb9d55d"},
    {file = "python_dotenv-1.1.0.tar.gz", hash = "sha256:41f90bc6f5f177fb41f53e87666db362025010eb28f60a01c9143bfa33a2b2d5"},
]

[[package]]
name = "typing-extensions"
version = "4.13.2"
requires_python = ">=3.8"
summary = "Backported and Experimental Type Hints for Python 3.8+"
groups = ["default"]
files = [
    {file = "typing_extensions-4.13.2-py3-none-any.whl", hash = "sha256:a439e7c04b49fec3e5d3e2beaa21755cadbbdc391694e28ccdd36ca4a1408f8c"},
    {file = "typing_extensions-4.13.2.tar.gz", hash = "sha256:e6c81219bd689f51865d9e372991c540bda33a0379d5573cddb9a3a23f7caaef"},
]

[[package]]
name = "typing-inspection"
version = "0.4.0"
requires_python = ">=3.9"
summary = "Runtime typing introspection tools"
groups = ["default"]
dependencies = [
    "typing-extensions>=4.12.0",
]
files = [
    {file = "typing_inspection-0.4.0-py3-none-any.whl", hash = "sha256:50e72559fcd2a6367a19f7a7e610e6afcb9fac940c650290eed893d61386832f"},
    {file = "typing_inspection-0.4.0.tar.gz", hash = "sha256:9765c87de36671694a67904bf2c96e395be9c6439bb6c87b5142569dcdd65122"},
]

[[package]]
name = "yarl"
version = "1.20.0"
requires_python = ">=3.9"
summary = "Yet another URL library"
groups = ["default"]
dependencies = [
    "idna>=2.0",
    "multidict>=4.0",
    "propcache>=0.2.1",
]
files = [
    {file = "yarl-1.20.0-cp310-cp310-macosx_10_9_universal2.whl", hash = "sha256:f1f6670b9ae3daedb325fa55fbe31c22c8228f6e0b513772c2e1c623caa6ab22"},
    {file = "yarl-1.20.0-cp310-cp310-macosx_10_9_x86_64.whl", hash = "sha256:85a231fa250dfa3308f3c7896cc007a47bc76e9e8e8595c20b7426cac4884c62"},
    {file = "yarl-1.20.0-cp310-cp310-macosx_11_0_arm64.whl", hash = "sha256:1a06701b647c9939d7019acdfa7ebbfbb78ba6aa05985bb195ad716ea759a569"},
    {file = "yarl-1.20.0-cp310-cp310-manylinux_2_17_aarch64.manylinux2014_aarch64.whl", hash = "sha256:7595498d085becc8fb9203aa314b136ab0516c7abd97e7d74f7bb4eb95042abe"},
    {file = "yarl-1.20.0-cp310-cp310-manylinux_2_17_armv7l.manylinux2014_armv7l.manylinux_2_31_armv7l.whl", hash = "sha256:af5607159085dcdb055d5678fc2d34949bd75ae6ea6b4381e784bbab1c3aa195"},
    {file = "yarl-1.20.0-cp310-cp310-manylinux_2_17_ppc64le.manylinux2014_ppc64le.whl", hash = "sha256:95b50910e496567434cb77a577493c26bce0f31c8a305135f3bda6a2483b8e10"},
    {file = "yarl-1.20.0-cp310-cp310-manylinux_2_17_s390x.manylinux2014_s390x.whl", hash = "sha256:b594113a301ad537766b4e16a5a6750fcbb1497dcc1bc8a4daae889e6402a634"},
    {file = "yarl-1.20.0-cp310-cp310-manylinux_2_17_x86_64.manylinux2014_x86_64.whl", hash = "sha256:083ce0393ea173cd37834eb84df15b6853b555d20c52703e21fbababa8c129d2"},
    {file = "yarl-1.20.0-cp310-cp310-manylinux_2_5_i686.manylinux1_i686.manylinux_2_17_i686.manylinux2014_i686.whl", hash = "sha256:4f1a350a652bbbe12f666109fbddfdf049b3ff43696d18c9ab1531fbba1c977a"},
    {file = "yarl-1.20.0-cp310-cp310-musllinux_1_2_aarch64.whl", hash = "sha256:fb0caeac4a164aadce342f1597297ec0ce261ec4532bbc5a9ca8da5622f53867"},
    {file = "yarl-1.20.0-cp310-cp310-musllinux_1_2_armv7l.whl", hash = "sha256:d88cc43e923f324203f6ec14434fa33b85c06d18d59c167a0637164863b8e995"},
    {file = "yarl-1.20.0-cp310-cp310-musllinux_1_2_i686.whl", hash = "sha256:e52d6ed9ea8fd3abf4031325dc714aed5afcbfa19ee4a89898d663c9976eb487"},
    {file = "yarl-1.20.0-cp310-cp310-musllinux_1_2_ppc64le.whl", hash = "sha256:ce360ae48a5e9961d0c730cf891d40698a82804e85f6e74658fb175207a77cb2"},
    {file = "yarl-1.20.0-cp310-cp310-musllinux_1_2_s390x.whl", hash = "sha256:06d06c9d5b5bc3eb56542ceeba6658d31f54cf401e8468512447834856fb0e61"},
    {file = "yarl-1.20.0-cp310-cp310-musllinux_1_2_x86_64.whl", hash = "sha256:c27d98f4e5c4060582f44e58309c1e55134880558f1add7a87c1bc36ecfade19"},
    {file = "yarl-1.20.0-cp310-cp310-win32.whl", hash = "sha256:f4d3fa9b9f013f7050326e165c3279e22850d02ae544ace285674cb6174b5d6d"},
    {file = "yarl-1.20.0-cp310-cp310-win_amd64.whl", hash = "sha256:bc906b636239631d42eb8a07df8359905da02704a868983265603887ed68c076"},
    {file = "yarl-1.20.0-py3-none-any.whl", hash = "sha256:5d0fe6af927a47a230f31e6004621fd0959eaa915fc62acfafa67ff7229a3124"},
    {file = "yarl-1.20.0.tar.gz", hash = "sha256:686d51e51ee5dfe62dec86e4866ee0e9ed66df700d55c828a615640adc885307"},
]
